// !$*UTF8*$!
{
	archiveVersion = 1;
	classes = {
	};
	objectVersion = 46;
	objects = {

/* Begin PBXBuildFile section */
		1C366C321B0D39BC001B2B53 /* Animations.swift in Sources */ = {isa = PBXBuildFile; fileRef = 1C366C311B0D39BC001B2B53 /* Animations.swift */; };
		1C366C341B0D3A1B001B2B53 /* UIColor.swift in Sources */ = {isa = PBXBuildFile; fileRef = 1C366C331B0D3A1B001B2B53 /* UIColor.swift */; };
		1C3E32EB1CB101F4003739F0 /* EncodingTests.swift in Sources */ = {isa = PBXBuildFile; fileRef = 1C3E32EA1CB101F4003739F0 /* EncodingTests.swift */; };
		1C3E32ED1CB10FED003739F0 /* TemplateManager.swift in Sources */ = {isa = PBXBuildFile; fileRef = 1C3E32EC1CB10FED003739F0 /* TemplateManager.swift */; };
		1C3E32EF1CB13126003739F0 /* NSDate.swift in Sources */ = {isa = PBXBuildFile; fileRef = 1C3E32EE1CB13126003739F0 /* NSDate.swift */; };
		1C3E32F11CB13163003739F0 /* ISO8601.swift in Sources */ = {isa = PBXBuildFile; fileRef = 1C3E32F01CB13163003739F0 /* ISO8601.swift */; };
		1C3E32F31CB136BD003739F0 /* Persistable.swift in Sources */ = {isa = PBXBuildFile; fileRef = 1C3E32F21CB136BD003739F0 /* Persistable.swift */; };
		1C3E32F51CB13AE4003739F0 /* Template.swift in Sources */ = {isa = PBXBuildFile; fileRef = 1C3E32F41CB13AE4003739F0 /* Template.swift */; };
		1CE620491B0C8E350072BBF9 /* AppDelegate.swift in Sources */ = {isa = PBXBuildFile; fileRef = 1CE620481B0C8E350072BBF9 /* AppDelegate.swift */; };
		1CE6204B1B0C8E350072BBF9 /* ViewController.swift in Sources */ = {isa = PBXBuildFile; fileRef = 1CE6204A1B0C8E350072BBF9 /* ViewController.swift */; };
		1CE6204E1B0C8E350072BBF9 /* Main.storyboard in Resources */ = {isa = PBXBuildFile; fileRef = 1CE6204C1B0C8E350072BBF9 /* Main.storyboard */; };
		1CE620501B0C8E350072BBF9 /* Images.xcassets in Resources */ = {isa = PBXBuildFile; fileRef = 1CE6204F1B0C8E350072BBF9 /* Images.xcassets */; };
		1CE620531B0C8E350072BBF9 /* LaunchScreen.xib in Resources */ = {isa = PBXBuildFile; fileRef = 1CE620511B0C8E350072BBF9 /* LaunchScreen.xib */; };
		1CE6205F1B0C8E350072BBF9 /* GameOfHiveTests.swift in Sources */ = {isa = PBXBuildFile; fileRef = 1CE6205E1B0C8E350072BBF9 /* GameOfHiveTests.swift */; };
		1CE620691B0C91CD0072BBF9 /* HexagonView.swift in Sources */ = {isa = PBXBuildFile; fileRef = 1CE620681B0C91CD0072BBF9 /* HexagonView.swift */; };
		8E0D0897AD96E4DDAA0B0DCB /* Pods_GameOfHive.framework in Frameworks */ = {isa = PBXBuildFile; fileRef = CF2FA7DC67DF597D0AD3E8B0 /* Pods_GameOfHive.framework */; };
		B38DD5E71B0C9BB30064E7E4 /* Hexagon.swift in Sources */ = {isa = PBXBuildFile; fileRef = B38DD5E61B0C9BB30064E7E4 /* Hexagon.swift */; };
		B38DD5E91B0CA52D0064E7E4 /* HexagonGrid.swift in Sources */ = {isa = PBXBuildFile; fileRef = B38DD5E81B0CA52D0064E7E4 /* HexagonGrid.swift */; };
		B38DD5EB1B0CA7A60064E7E4 /* GridTests.swift in Sources */ = {isa = PBXBuildFile; fileRef = B38DD5EA1B0CA7A60064E7E4 /* GridTests.swift */; };
		B3938BB11CB003D200C75813 /* Dictionary.swift in Sources */ = {isa = PBXBuildFile; fileRef = B3938BB01CB003D200C75813 /* Dictionary.swift */; };
		B3938BB31CB003FE00C75813 /* Argo.swift in Sources */ = {isa = PBXBuildFile; fileRef = B3938BB21CB003FE00C75813 /* Argo.swift */; };
		B3938BB51CB024BC00C75813 /* Foundation.swift in Sources */ = {isa = PBXBuildFile; fileRef = B3938BB41CB024BC00C75813 /* Foundation.swift */; };
		B3938BB71CB04C3B00C75813 /* UIView.swift in Sources */ = {isa = PBXBuildFile; fileRef = B3938BB61CB04C3B00C75813 /* UIView.swift */; };
		B399C6D11CB0029F002C57A4 /* Encodable.swift in Sources */ = {isa = PBXBuildFile; fileRef = B399C6D01CB0029F002C57A4 /* Encodable.swift */; };
		B3BD1C991B0CD3EF00331176 /* Rules.swift in Sources */ = {isa = PBXBuildFile; fileRef = B3BD1C981B0CD3EF00331176 /* Rules.swift */; };
		C35B19101CB0092D003DF56C /* HiveButton.swift in Sources */ = {isa = PBXBuildFile; fileRef = C35B190F1CB0092D003DF56C /* HiveButton.swift */; };
		C35B19121CB06ACF003DF56C /* Raleway-Medium.ttf in Resources */ = {isa = PBXBuildFile; fileRef = C35B19111CB06ACF003DF56C /* Raleway-Medium.ttf */; };
		C3881F921B0D4915006D9CF0 /* MenuController.swift in Sources */ = {isa = PBXBuildFile; fileRef = C3881F911B0D4915006D9CF0 /* MenuController.swift */; };
/* End PBXBuildFile section */

/* Begin PBXContainerItemProxy section */
		1CE620591B0C8E350072BBF9 /* PBXContainerItemProxy */ = {
			isa = PBXContainerItemProxy;
			containerPortal = 1CE6203B1B0C8E350072BBF9 /* Project object */;
			proxyType = 1;
			remoteGlobalIDString = 1CE620421B0C8E350072BBF9;
			remoteInfo = GameOfHive;
		};
/* End PBXContainerItemProxy section */

/* Begin PBXFileReference section */
		1C366C311B0D39BC001B2B53 /* Animations.swift */ = {isa = PBXFileReference; fileEncoding = 4; lastKnownFileType = sourcecode.swift; path = Animations.swift; sourceTree = "<group>"; };
		1C366C331B0D3A1B001B2B53 /* UIColor.swift */ = {isa = PBXFileReference; fileEncoding = 4; lastKnownFileType = sourcecode.swift; path = UIColor.swift; sourceTree = "<group>"; };
		1C3E32EA1CB101F4003739F0 /* EncodingTests.swift */ = {isa = PBXFileReference; fileEncoding = 4; lastKnownFileType = sourcecode.swift; path = EncodingTests.swift; sourceTree = "<group>"; };
		1C3E32EC1CB10FED003739F0 /* TemplateManager.swift */ = {isa = PBXFileReference; fileEncoding = 4; lastKnownFileType = sourcecode.swift; path = TemplateManager.swift; sourceTree = "<group>"; };
		1C3E32EE1CB13126003739F0 /* NSDate.swift */ = {isa = PBXFileReference; fileEncoding = 4; lastKnownFileType = sourcecode.swift; path = NSDate.swift; sourceTree = "<group>"; };
		1C3E32F01CB13163003739F0 /* ISO8601.swift */ = {isa = PBXFileReference; fileEncoding = 4; lastKnownFileType = sourcecode.swift; path = ISO8601.swift; sourceTree = "<group>"; };
		1C3E32F21CB136BD003739F0 /* Persistable.swift */ = {isa = PBXFileReference; fileEncoding = 4; lastKnownFileType = sourcecode.swift; path = Persistable.swift; sourceTree = "<group>"; };
		1C3E32F41CB13AE4003739F0 /* Template.swift */ = {isa = PBXFileReference; fileEncoding = 4; lastKnownFileType = sourcecode.swift; path = Template.swift; sourceTree = "<group>"; };
		1CE620431B0C8E350072BBF9 /* GameOfHive.app */ = {isa = PBXFileReference; explicitFileType = wrapper.application; includeInIndex = 0; path = GameOfHive.app; sourceTree = BUILT_PRODUCTS_DIR; };
		1CE620471B0C8E350072BBF9 /* Info.plist */ = {isa = PBXFileReference; lastKnownFileType = text.plist.xml; path = Info.plist; sourceTree = "<group>"; };
		1CE620481B0C8E350072BBF9 /* AppDelegate.swift */ = {isa = PBXFileReference; lastKnownFileType = sourcecode.swift; path = AppDelegate.swift; sourceTree = "<group>"; };
		1CE6204A1B0C8E350072BBF9 /* ViewController.swift */ = {isa = PBXFileReference; indentWidth = 4; lastKnownFileType = sourcecode.swift; path = ViewController.swift; sourceTree = "<group>"; tabWidth = 4; };
		1CE6204D1B0C8E350072BBF9 /* Base */ = {isa = PBXFileReference; lastKnownFileType = file.storyboard; name = Base; path = Base.lproj/Main.storyboard; sourceTree = "<group>"; };
		1CE6204F1B0C8E350072BBF9 /* Images.xcassets */ = {isa = PBXFileReference; lastKnownFileType = folder.assetcatalog; path = Images.xcassets; sourceTree = "<group>"; };
		1CE620521B0C8E350072BBF9 /* Base */ = {isa = PBXFileReference; lastKnownFileType = file.xib; name = Base; path = Base.lproj/LaunchScreen.xib; sourceTree = "<group>"; };
		1CE620581B0C8E350072BBF9 /* GameOfHiveTests.xctest */ = {isa = PBXFileReference; explicitFileType = wrapper.cfbundle; includeInIndex = 0; path = GameOfHiveTests.xctest; sourceTree = BUILT_PRODUCTS_DIR; };
		1CE6205D1B0C8E350072BBF9 /* Info.plist */ = {isa = PBXFileReference; lastKnownFileType = text.plist.xml; path = Info.plist; sourceTree = "<group>"; };
		1CE6205E1B0C8E350072BBF9 /* GameOfHiveTests.swift */ = {isa = PBXFileReference; lastKnownFileType = sourcecode.swift; path = GameOfHiveTests.swift; sourceTree = "<group>"; };
		1CE620681B0C91CD0072BBF9 /* HexagonView.swift */ = {isa = PBXFileReference; fileEncoding = 4; lastKnownFileType = sourcecode.swift; path = HexagonView.swift; sourceTree = "<group>"; };
		79F4CFD69591550CEEA9C4E1 /* Pods-GameOfHive.release.xcconfig */ = {isa = PBXFileReference; includeInIndex = 1; lastKnownFileType = text.xcconfig; name = "Pods-GameOfHive.release.xcconfig"; path = "Pods/Target Support Files/Pods-GameOfHive/Pods-GameOfHive.release.xcconfig"; sourceTree = "<group>"; };
		80A15281B5CFE264A13F45B4 /* Pods-GameOfHive.debug.xcconfig */ = {isa = PBXFileReference; includeInIndex = 1; lastKnownFileType = text.xcconfig; name = "Pods-GameOfHive.debug.xcconfig"; path = "Pods/Target Support Files/Pods-GameOfHive/Pods-GameOfHive.debug.xcconfig"; sourceTree = "<group>"; };
		B38DD5E61B0C9BB30064E7E4 /* Hexagon.swift */ = {isa = PBXFileReference; fileEncoding = 4; lastKnownFileType = sourcecode.swift; path = Hexagon.swift; sourceTree = "<group>"; };
		B38DD5E81B0CA52D0064E7E4 /* HexagonGrid.swift */ = {isa = PBXFileReference; fileEncoding = 4; lastKnownFileType = sourcecode.swift; path = HexagonGrid.swift; sourceTree = "<group>"; };
		B38DD5EA1B0CA7A60064E7E4 /* GridTests.swift */ = {isa = PBXFileReference; fileEncoding = 4; lastKnownFileType = sourcecode.swift; path = GridTests.swift; sourceTree = "<group>"; };
		B3938BB01CB003D200C75813 /* Dictionary.swift */ = {isa = PBXFileReference; fileEncoding = 4; lastKnownFileType = sourcecode.swift; path = Dictionary.swift; sourceTree = "<group>"; };
		B3938BB21CB003FE00C75813 /* Argo.swift */ = {isa = PBXFileReference; fileEncoding = 4; lastKnownFileType = sourcecode.swift; path = Argo.swift; sourceTree = "<group>"; };
		B3938BB41CB024BC00C75813 /* Foundation.swift */ = {isa = PBXFileReference; fileEncoding = 4; lastKnownFileType = sourcecode.swift; path = Foundation.swift; sourceTree = "<group>"; };
		B3938BB61CB04C3B00C75813 /* UIView.swift */ = {isa = PBXFileReference; fileEncoding = 4; lastKnownFileType = sourcecode.swift; path = UIView.swift; sourceTree = "<group>"; };
		B399C6D01CB0029F002C57A4 /* Encodable.swift */ = {isa = PBXFileReference; fileEncoding = 4; lastKnownFileType = sourcecode.swift; path = Encodable.swift; sourceTree = "<group>"; };
		B3BD1C981B0CD3EF00331176 /* Rules.swift */ = {isa = PBXFileReference; fileEncoding = 4; lastKnownFileType = sourcecode.swift; path = Rules.swift; sourceTree = "<group>"; };
		C35B190F1CB0092D003DF56C /* HiveButton.swift */ = {isa = PBXFileReference; fileEncoding = 4; lastKnownFileType = sourcecode.swift; path = HiveButton.swift; sourceTree = "<group>"; };
		C35B19111CB06ACF003DF56C /* Raleway-Medium.ttf */ = {isa = PBXFileReference; lastKnownFileType = file; path = "Raleway-Medium.ttf"; sourceTree = "<group>"; };
		C3881F911B0D4915006D9CF0 /* MenuController.swift */ = {isa = PBXFileReference; fileEncoding = 4; lastKnownFileType = sourcecode.swift; path = MenuController.swift; sourceTree = "<group>"; };
		CF2FA7DC67DF597D0AD3E8B0 /* Pods_GameOfHive.framework */ = {isa = PBXFileReference; explicitFileType = wrapper.framework; includeInIndex = 0; path = Pods_GameOfHive.framework; sourceTree = BUILT_PRODUCTS_DIR; };
/* End PBXFileReference section */

/* Begin PBXFrameworksBuildPhase section */
		1CE620401B0C8E350072BBF9 /* Frameworks */ = {
			isa = PBXFrameworksBuildPhase;
			buildActionMask = 2147483647;
			files = (
				8E0D0897AD96E4DDAA0B0DCB /* Pods_GameOfHive.framework in Frameworks */,
			);
			runOnlyForDeploymentPostprocessing = 0;
		};
		1CE620551B0C8E350072BBF9 /* Frameworks */ = {
			isa = PBXFrameworksBuildPhase;
			buildActionMask = 2147483647;
			files = (
			);
			runOnlyForDeploymentPostprocessing = 0;
		};
/* End PBXFrameworksBuildPhase section */

/* Begin PBXGroup section */
		1CE6203A1B0C8E350072BBF9 = {
			isa = PBXGroup;
			children = (
				1CE620451B0C8E350072BBF9 /* GameOfHive */,
				1CE6205B1B0C8E350072BBF9 /* GameOfHiveTests */,
				1CE620441B0C8E350072BBF9 /* Products */,
				7A738A801B92B4F9D2DD51BA /* Pods */,
				C8BAB33AD901FF33E68651D3 /* Frameworks */,
			);
			indentWidth = 4;
			sourceTree = "<group>";
			tabWidth = 4;
			usesTabs = 0;
		};
		1CE620441B0C8E350072BBF9 /* Products */ = {
			isa = PBXGroup;
			children = (
				1CE620431B0C8E350072BBF9 /* GameOfHive.app */,
				1CE620581B0C8E350072BBF9 /* GameOfHiveTests.xctest */,
			);
			name = Products;
			sourceTree = "<group>";
		};
		1CE620451B0C8E350072BBF9 /* GameOfHive */ = {
			isa = PBXGroup;
			children = (
				C35B190C1CB0088C003DF56C /* Menu */,
				B3938BAF1CB003C300C75813 /* Extensions */,
				1CE620481B0C8E350072BBF9 /* AppDelegate.swift */,
				1CE6204A1B0C8E350072BBF9 /* ViewController.swift */,
				1C3E32EC1CB10FED003739F0 /* TemplateManager.swift */,
				1C3E32F41CB13AE4003739F0 /* Template.swift */,
				1C3E32F21CB136BD003739F0 /* Persistable.swift */,
				1CE6204C1B0C8E350072BBF9 /* Main.storyboard */,
				1CE620681B0C91CD0072BBF9 /* HexagonView.swift */,
				1C366C331B0D3A1B001B2B53 /* UIColor.swift */,
				1CE6204F1B0C8E350072BBF9 /* Images.xcassets */,
				1CE620511B0C8E350072BBF9 /* LaunchScreen.xib */,
				1CE620461B0C8E350072BBF9 /* Supporting Files */,
				B38DD5E61B0C9BB30064E7E4 /* Hexagon.swift */,
				B38DD5E81B0CA52D0064E7E4 /* HexagonGrid.swift */,
				B3BD1C981B0CD3EF00331176 /* Rules.swift */,
				1C366C311B0D39BC001B2B53 /* Animations.swift */,
				B399C6D01CB0029F002C57A4 /* Encodable.swift */,
			);
			path = GameOfHive;
			sourceTree = "<group>";
		};
		1CE620461B0C8E350072BBF9 /* Supporting Files */ = {
			isa = PBXGroup;
			children = (
				C35B19111CB06ACF003DF56C /* Raleway-Medium.ttf */,
				1CE620471B0C8E350072BBF9 /* Info.plist */,
			);
			name = "Supporting Files";
			sourceTree = "<group>";
		};
		1CE6205B1B0C8E350072BBF9 /* GameOfHiveTests */ = {
			isa = PBXGroup;
			children = (
				1CE6205E1B0C8E350072BBF9 /* GameOfHiveTests.swift */,
				1C3E32EA1CB101F4003739F0 /* EncodingTests.swift */,
				1CE6205C1B0C8E350072BBF9 /* Supporting Files */,
				B38DD5EA1B0CA7A60064E7E4 /* GridTests.swift */,
			);
			path = GameOfHiveTests;
			sourceTree = "<group>";
		};
		1CE6205C1B0C8E350072BBF9 /* Supporting Files */ = {
			isa = PBXGroup;
			children = (
				1CE6205D1B0C8E350072BBF9 /* Info.plist */,
			);
			name = "Supporting Files";
			sourceTree = "<group>";
		};
		7A738A801B92B4F9D2DD51BA /* Pods */ = {
			isa = PBXGroup;
			children = (
				80A15281B5CFE264A13F45B4 /* Pods-GameOfHive.debug.xcconfig */,
				79F4CFD69591550CEEA9C4E1 /* Pods-GameOfHive.release.xcconfig */,
			);
			name = Pods;
			sourceTree = "<group>";
		};
		B3938BAF1CB003C300C75813 /* Extensions */ = {
			isa = PBXGroup;
			children = (
				B3938BB01CB003D200C75813 /* Dictionary.swift */,
				B3938BB21CB003FE00C75813 /* Argo.swift */,
				B3938BB41CB024BC00C75813 /* Foundation.swift */,
				B3938BB61CB04C3B00C75813 /* UIView.swift */,
				1C3E32EE1CB13126003739F0 /* NSDate.swift */,
				1C3E32F01CB13163003739F0 /* ISO8601.swift */,
			);
			name = Extensions;
			sourceTree = "<group>";
		};
		C35B190C1CB0088C003DF56C /* Menu */ = {
			isa = PBXGroup;
			children = (
				C3881F911B0D4915006D9CF0 /* MenuController.swift */,
				C35B190F1CB0092D003DF56C /* HiveButton.swift */,
			);
			name = Menu;
			sourceTree = "<group>";
		};
		C8BAB33AD901FF33E68651D3 /* Frameworks */ = {
			isa = PBXGroup;
			children = (
				CF2FA7DC67DF597D0AD3E8B0 /* Pods_GameOfHive.framework */,
			);
			name = Frameworks;
			sourceTree = "<group>";
		};
/* End PBXGroup section */

/* Begin PBXNativeTarget section */
		1CE620421B0C8E350072BBF9 /* GameOfHive */ = {
			isa = PBXNativeTarget;
			buildConfigurationList = 1CE620621B0C8E350072BBF9 /* Build configuration list for PBXNativeTarget "GameOfHive" */;
			buildPhases = (
				1F15963D438D73F792338103 /* Check Pods Manifest.lock */,
				1CE6203F1B0C8E350072BBF9 /* Sources */,
				1CE620401B0C8E350072BBF9 /* Frameworks */,
				1CE620411B0C8E350072BBF9 /* Resources */,
				564750F717BD7CB76470BEDE /* Embed Pods Frameworks */,
				C33950A1DFA82C525F503C70 /* Copy Pods Resources */,
			);
			buildRules = (
			);
			dependencies = (
			);
			name = GameOfHive;
			productName = GameOfHive;
			productReference = 1CE620431B0C8E350072BBF9 /* GameOfHive.app */;
			productType = "com.apple.product-type.application";
		};
		1CE620571B0C8E350072BBF9 /* GameOfHiveTests */ = {
			isa = PBXNativeTarget;
			buildConfigurationList = 1CE620651B0C8E350072BBF9 /* Build configuration list for PBXNativeTarget "GameOfHiveTests" */;
			buildPhases = (
				1CE620541B0C8E350072BBF9 /* Sources */,
				1CE620551B0C8E350072BBF9 /* Frameworks */,
				1CE620561B0C8E350072BBF9 /* Resources */,
			);
			buildRules = (
			);
			dependencies = (
				1CE6205A1B0C8E350072BBF9 /* PBXTargetDependency */,
			);
			name = GameOfHiveTests;
			productName = GameOfHiveTests;
			productReference = 1CE620581B0C8E350072BBF9 /* GameOfHiveTests.xctest */;
			productType = "com.apple.product-type.bundle.unit-test";
		};
/* End PBXNativeTarget section */

/* Begin PBXProject section */
		1CE6203B1B0C8E350072BBF9 /* Project object */ = {
			isa = PBXProject;
			attributes = {
				LastSwiftMigration = 0730;
				LastSwiftUpdateCheck = 0730;
				LastUpgradeCheck = 0730;
				ORGANIZATIONNAME = Beetles;
				TargetAttributes = {
					1CE620421B0C8E350072BBF9 = {
						CreatedOnToolsVersion = 6.3;
						DevelopmentTeam = 729WVZ5N33;
					};
					1CE620571B0C8E350072BBF9 = {
						CreatedOnToolsVersion = 6.3;
						TestTargetID = 1CE620421B0C8E350072BBF9;
					};
				};
			};
			buildConfigurationList = 1CE6203E1B0C8E350072BBF9 /* Build configuration list for PBXProject "GameOfHive" */;
			compatibilityVersion = "Xcode 3.2";
			developmentRegion = English;
			hasScannedForEncodings = 0;
			knownRegions = (
				en,
				Base,
			);
			mainGroup = 1CE6203A1B0C8E350072BBF9;
			productRefGroup = 1CE620441B0C8E350072BBF9 /* Products */;
			projectDirPath = "";
			projectRoot = "";
			targets = (
				1CE620421B0C8E350072BBF9 /* GameOfHive */,
				1CE620571B0C8E350072BBF9 /* GameOfHiveTests */,
			);
		};
/* End PBXProject section */

/* Begin PBXResourcesBuildPhase section */
		1CE620411B0C8E350072BBF9 /* Resources */ = {
			isa = PBXResourcesBuildPhase;
			buildActionMask = 2147483647;
			files = (
				1CE6204E1B0C8E350072BBF9 /* Main.storyboard in Resources */,
				C35B19121CB06ACF003DF56C /* Raleway-Medium.ttf in Resources */,
				1CE620531B0C8E350072BBF9 /* LaunchScreen.xib in Resources */,
				1CE620501B0C8E350072BBF9 /* Images.xcassets in Resources */,
			);
			runOnlyForDeploymentPostprocessing = 0;
		};
		1CE620561B0C8E350072BBF9 /* Resources */ = {
			isa = PBXResourcesBuildPhase;
			buildActionMask = 2147483647;
			files = (
			);
			runOnlyForDeploymentPostprocessing = 0;
		};
/* End PBXResourcesBuildPhase section */

/* Begin PBXShellScriptBuildPhase section */
		1F15963D438D73F792338103 /* Check Pods Manifest.lock */ = {
			isa = PBXShellScriptBuildPhase;
			buildActionMask = 2147483647;
			files = (
			);
			inputPaths = (
			);
			name = "Check Pods Manifest.lock";
			outputPaths = (
			);
			runOnlyForDeploymentPostprocessing = 0;
			shellPath = /bin/sh;
			shellScript = "diff \"${PODS_ROOT}/../Podfile.lock\" \"${PODS_ROOT}/Manifest.lock\" > /dev/null\nif [[ $? != 0 ]] ; then\n    cat << EOM\nerror: The sandbox is not in sync with the Podfile.lock. Run 'pod install' or update your CocoaPods installation.\nEOM\n    exit 1\nfi\n";
			showEnvVarsInLog = 0;
		};
		564750F717BD7CB76470BEDE /* Embed Pods Frameworks */ = {
			isa = PBXShellScriptBuildPhase;
			buildActionMask = 2147483647;
			files = (
			);
			inputPaths = (
			);
			name = "Embed Pods Frameworks";
			outputPaths = (
			);
			runOnlyForDeploymentPostprocessing = 0;
			shellPath = /bin/sh;
			shellScript = "\"${SRCROOT}/Pods/Target Support Files/Pods-GameOfHive/Pods-GameOfHive-frameworks.sh\"\n";
			showEnvVarsInLog = 0;
		};
		C33950A1DFA82C525F503C70 /* Copy Pods Resources */ = {
			isa = PBXShellScriptBuildPhase;
			buildActionMask = 2147483647;
			files = (
			);
			inputPaths = (
			);
			name = "Copy Pods Resources";
			outputPaths = (
			);
			runOnlyForDeploymentPostprocessing = 0;
			shellPath = /bin/sh;
			shellScript = "\"${SRCROOT}/Pods/Target Support Files/Pods-GameOfHive/Pods-GameOfHive-resources.sh\"\n";
			showEnvVarsInLog = 0;
		};
/* End PBXShellScriptBuildPhase section */

/* Begin PBXSourcesBuildPhase section */
		1CE6203F1B0C8E350072BBF9 /* Sources */ = {
			isa = PBXSourcesBuildPhase;
			buildActionMask = 2147483647;
			files = (
				B38DD5E91B0CA52D0064E7E4 /* HexagonGrid.swift in Sources */,
				B399C6D11CB0029F002C57A4 /* Encodable.swift in Sources */,
				1CE6204B1B0C8E350072BBF9 /* ViewController.swift in Sources */,
				1CE620691B0C91CD0072BBF9 /* HexagonView.swift in Sources */,
				C35B19101CB0092D003DF56C /* HiveButton.swift in Sources */,
				1C3E32F51CB13AE4003739F0 /* Template.swift in Sources */,
				B3938BB11CB003D200C75813 /* Dictionary.swift in Sources */,
				1C3E32ED1CB10FED003739F0 /* TemplateManager.swift in Sources */,
				1C3E32F31CB136BD003739F0 /* Persistable.swift in Sources */,
				B3BD1C991B0CD3EF00331176 /* Rules.swift in Sources */,
				C3881F921B0D4915006D9CF0 /* MenuController.swift in Sources */,
				1CE620491B0C8E350072BBF9 /* AppDelegate.swift in Sources */,
				1C366C341B0D3A1B001B2B53 /* UIColor.swift in Sources */,
				B38DD5E71B0C9BB30064E7E4 /* Hexagon.swift in Sources */,
				B3938BB71CB04C3B00C75813 /* UIView.swift in Sources */,
				B3938BB31CB003FE00C75813 /* Argo.swift in Sources */,
				1C3E32F11CB13163003739F0 /* ISO8601.swift in Sources */,
				1C3E32EF1CB13126003739F0 /* NSDate.swift in Sources */,
				1C366C321B0D39BC001B2B53 /* Animations.swift in Sources */,
				B3938BB51CB024BC00C75813 /* Foundation.swift in Sources */,
			);
			runOnlyForDeploymentPostprocessing = 0;
		};
		1CE620541B0C8E350072BBF9 /* Sources */ = {
			isa = PBXSourcesBuildPhase;
			buildActionMask = 2147483647;
			files = (
				1CE6205F1B0C8E350072BBF9 /* GameOfHiveTests.swift in Sources */,
				1C3E32EB1CB101F4003739F0 /* EncodingTests.swift in Sources */,
				B38DD5EB1B0CA7A60064E7E4 /* GridTests.swift in Sources */,
			);
			runOnlyForDeploymentPostprocessing = 0;
		};
/* End PBXSourcesBuildPhase section */

/* Begin PBXTargetDependency section */
		1CE6205A1B0C8E350072BBF9 /* PBXTargetDependency */ = {
			isa = PBXTargetDependency;
			target = 1CE620421B0C8E350072BBF9 /* GameOfHive */;
			targetProxy = 1CE620591B0C8E350072BBF9 /* PBXContainerItemProxy */;
		};
/* End PBXTargetDependency section */

/* Begin PBXVariantGroup section */
		1CE6204C1B0C8E350072BBF9 /* Main.storyboard */ = {
			isa = PBXVariantGroup;
			children = (
				1CE6204D1B0C8E350072BBF9 /* Base */,
			);
			name = Main.storyboard;
			sourceTree = "<group>";
		};
		1CE620511B0C8E350072BBF9 /* LaunchScreen.xib */ = {
			isa = PBXVariantGroup;
			children = (
				1CE620521B0C8E350072BBF9 /* Base */,
			);
			name = LaunchScreen.xib;
			sourceTree = "<group>";
		};
/* End PBXVariantGroup section */

/* Begin XCBuildConfiguration section */
		1CE620601B0C8E350072BBF9 /* Debug */ = {
			isa = XCBuildConfiguration;
			buildSettings = {
				ALWAYS_SEARCH_USER_PATHS = NO;
				CLANG_CXX_LANGUAGE_STANDARD = "gnu++0x";
				CLANG_CXX_LIBRARY = "libc++";
				CLANG_ENABLE_MODULES = YES;
				CLANG_ENABLE_OBJC_ARC = YES;
				CLANG_WARN_BOOL_CONVERSION = YES;
				CLANG_WARN_CONSTANT_CONVERSION = YES;
				CLANG_WARN_DIRECT_OBJC_ISA_USAGE = YES_ERROR;
				CLANG_WARN_EMPTY_BODY = YES;
				CLANG_WARN_ENUM_CONVERSION = YES;
				CLANG_WARN_INT_CONVERSION = YES;
				CLANG_WARN_OBJC_ROOT_CLASS = YES_ERROR;
				CLANG_WARN_UNREACHABLE_CODE = YES;
				CLANG_WARN__DUPLICATE_METHOD_MATCH = YES;
				"CODE_SIGN_IDENTITY[sdk=iphoneos*]" = "iPhone Developer";
				COPY_PHASE_STRIP = NO;
				DEBUG_INFORMATION_FORMAT = "dwarf-with-dsym";
				ENABLE_STRICT_OBJC_MSGSEND = YES;
				ENABLE_TESTABILITY = YES;
				GCC_C_LANGUAGE_STANDARD = gnu99;
				GCC_DYNAMIC_NO_PIC = NO;
				GCC_NO_COMMON_BLOCKS = YES;
				GCC_OPTIMIZATION_LEVEL = 0;
				GCC_PREPROCESSOR_DEFINITIONS = (
					"DEBUG=1",
					"$(inherited)",
				);
				GCC_SYMBOLS_PRIVATE_EXTERN = NO;
				GCC_WARN_64_TO_32_BIT_CONVERSION = YES;
				GCC_WARN_ABOUT_RETURN_TYPE = YES_ERROR;
				GCC_WARN_UNDECLARED_SELECTOR = YES;
				GCC_WARN_UNINITIALIZED_AUTOS = YES_AGGRESSIVE;
				GCC_WARN_UNUSED_FUNCTION = YES;
				GCC_WARN_UNUSED_VARIABLE = YES;
				IPHONEOS_DEPLOYMENT_TARGET = 8.3;
				MTL_ENABLE_DEBUG_INFO = YES;
				ONLY_ACTIVE_ARCH = YES;
				SDKROOT = iphoneos;
				SWIFT_OPTIMIZATION_LEVEL = "-Onone";
				TARGETED_DEVICE_FAMILY = "1,2";
			};
			name = Debug;
		};
		1CE620611B0C8E350072BBF9 /* Release */ = {
			isa = XCBuildConfiguration;
			buildSettings = {
				ALWAYS_SEARCH_USER_PATHS = NO;
				CLANG_CXX_LANGUAGE_STANDARD = "gnu++0x";
				CLANG_CXX_LIBRARY = "libc++";
				CLANG_ENABLE_MODULES = YES;
				CLANG_ENABLE_OBJC_ARC = YES;
				CLANG_WARN_BOOL_CONVERSION = YES;
				CLANG_WARN_CONSTANT_CONVERSION = YES;
				CLANG_WARN_DIRECT_OBJC_ISA_USAGE = YES_ERROR;
				CLANG_WARN_EMPTY_BODY = YES;
				CLANG_WARN_ENUM_CONVERSION = YES;
				CLANG_WARN_INT_CONVERSION = YES;
				CLANG_WARN_OBJC_ROOT_CLASS = YES_ERROR;
				CLANG_WARN_UNREACHABLE_CODE = YES;
				CLANG_WARN__DUPLICATE_METHOD_MATCH = YES;
				"CODE_SIGN_IDENTITY[sdk=iphoneos*]" = "iPhone Developer";
				COPY_PHASE_STRIP = NO;
				DEBUG_INFORMATION_FORMAT = "dwarf-with-dsym";
				ENABLE_NS_ASSERTIONS = NO;
				ENABLE_STRICT_OBJC_MSGSEND = YES;
				GCC_C_LANGUAGE_STANDARD = gnu99;
				GCC_NO_COMMON_BLOCKS = YES;
				GCC_WARN_64_TO_32_BIT_CONVERSION = YES;
				GCC_WARN_ABOUT_RETURN_TYPE = YES_ERROR;
				GCC_WARN_UNDECLARED_SELECTOR = YES;
				GCC_WARN_UNINITIALIZED_AUTOS = YES_AGGRESSIVE;
				GCC_WARN_UNUSED_FUNCTION = YES;
				GCC_WARN_UNUSED_VARIABLE = YES;
				IPHONEOS_DEPLOYMENT_TARGET = 8.3;
				MTL_ENABLE_DEBUG_INFO = NO;
				SDKROOT = iphoneos;
				TARGETED_DEVICE_FAMILY = "1,2";
				VALIDATE_PRODUCT = YES;
			};
			name = Release;
		};
		1CE620631B0C8E350072BBF9 /* Debug */ = {
			isa = XCBuildConfiguration;
			baseConfigurationReference = 80A15281B5CFE264A13F45B4 /* Pods-GameOfHive.debug.xcconfig */;
			buildSettings = {
				ASSETCATALOG_COMPILER_APPICON_NAME = AppIcon;
				CODE_SIGN_IDENTITY = "iPhone Developer";
				"CODE_SIGN_IDENTITY[sdk=iphoneos*]" = "iPhone Developer";
				INFOPLIST_FILE = GameOfHive/Info.plist;
				IPHONEOS_DEPLOYMENT_TARGET = 9.0;
				LD_RUNPATH_SEARCH_PATHS = "$(inherited) @executable_path/Frameworks";
				"OTHER_SWIFT_FLAGS[sdk=iphonesimulator*]" = "-D TARGET_IPHONE_SIMULATOR $(inherited)";
				PRODUCT_BUNDLE_IDENTIFIER = org.gameofhive.release;
				PRODUCT_NAME = "$(TARGET_NAME)";
				PROVISIONING_PROFILE = "";
			};
			name = Debug;
		};
		1CE620641B0C8E350072BBF9 /* Release */ = {
			isa = XCBuildConfiguration;
			baseConfigurationReference = 79F4CFD69591550CEEA9C4E1 /* Pods-GameOfHive.release.xcconfig */;
			buildSettings = {
				ASSETCATALOG_COMPILER_APPICON_NAME = AppIcon;
				CODE_SIGN_IDENTITY = "iPhone Developer";
				"CODE_SIGN_IDENTITY[sdk=iphoneos*]" = "iPhone Developer";
				INFOPLIST_FILE = GameOfHive/Info.plist;
				IPHONEOS_DEPLOYMENT_TARGET = 9.0;
				LD_RUNPATH_SEARCH_PATHS = "$(inherited) @executable_path/Frameworks";
				PRODUCT_BUNDLE_IDENTIFIER = org.gameofhive.release;
				PRODUCT_NAME = "$(TARGET_NAME)";
				PROVISIONING_PROFILE = "";
			};
			name = Release;
		};
		1CE620661B0C8E350072BBF9 /* Debug */ = {
			isa = XCBuildConfiguration;
			buildSettings = {
				BUNDLE_LOADER = "$(TEST_HOST)";
				FRAMEWORK_SEARCH_PATHS = (
					"$(SDKROOT)/Developer/Library/Frameworks",
					"$(inherited)",
				);
				GCC_PREPROCESSOR_DEFINITIONS = (
					"DEBUG=1",
					"$(inherited)",
				);
				INFOPLIST_FILE = GameOfHiveTests/Info.plist;
				IPHONEOS_DEPLOYMENT_TARGET = 9.0;
				LD_RUNPATH_SEARCH_PATHS = "$(inherited) @executable_path/Frameworks @loader_path/Frameworks";
				PRODUCT_BUNDLE_IDENTIFIER = "com.Beetles.$(PRODUCT_NAME:rfc1034identifier)";
				PRODUCT_NAME = "$(TARGET_NAME)";
				TEST_HOST = "$(BUILT_PRODUCTS_DIR)/GameOfHive.app/GameOfHive";
			};
			name = Debug;
		};
		1CE620671B0C8E350072BBF9 /* Release */ = {
			isa = XCBuildConfiguration;
			buildSettings = {
				BUNDLE_LOADER = "$(TEST_HOST)";
				FRAMEWORK_SEARCH_PATHS = (
					"$(SDKROOT)/Developer/Library/Frameworks",
					"$(inherited)",
				);
				INFOPLIST_FILE = GameOfHiveTests/Info.plist;
				IPHONEOS_DEPLOYMENT_TARGET = 9.0;
				LD_RUNPATH_SEARCH_PATHS = "$(inherited) @executable_path/Frameworks @loader_path/Frameworks";
				PRODUCT_BUNDLE_IDENTIFIER = "com.Beetles.$(PRODUCT_NAME:rfc1034identifier)";
				PRODUCT_NAME = "$(TARGET_NAME)";
				TEST_HOST = "$(BUILT_PRODUCTS_DIR)/GameOfHive.app/GameOfHive";
			};
			name = Release;
		};
/* End XCBuildConfiguration section */

/* Begin XCConfigurationList section */
		1CE6203E1B0C8E350072BBF9 /* Build configuration list for PBXProject "GameOfHive" */ = {
			isa = XCConfigurationList;
			buildConfigurations = (
				1CE620601B0C8E350072BBF9 /* Debug */,
				1CE620611B0C8E350072BBF9 /* Release */,
			);
			defaultConfigurationIsVisible = 0;
			defaultConfigurationName = Release;
		};
		1CE620621B0C8E350072BBF9 /* Build configuration list for PBXNativeTarget "GameOfHive" */ = {
			isa = XCConfigurationList;
			buildConfigurations = (
				1CE620631B0C8E350072BBF9 /* Debug */,
				1CE620641B0C8E350072BBF9 /* Release */,
			);
			defaultConfigurationIsVisible = 0;
			defaultConfigurationName = Release;
		};
		1CE620651B0C8E350072BBF9 /* Build configuration list for PBXNativeTarget "GameOfHiveTests" */ = {
			isa = XCConfigurationList;
			buildConfigurations = (
				1CE620661B0C8E350072BBF9 /* Debug */,
				1CE620671B0C8E350072BBF9 /* Release */,
			);
			defaultConfigurationIsVisible = 0;
			defaultConfigurationName = Release;
		};
/* End XCConfigurationList section */
	};
	rootObject = 1CE6203B1B0C8E350072BBF9 /* Project object */;
}
